
Microsoft Visual Studio Solution File, Format Version 12.00
# Visual Studio Version 16
VisualStudioVersion = 16.0.28922.388
MinimumVisualStudioVersion = 10.0.40219.1
Project("{FAE04EC0-301F-11D3-BF4B-00C04F79EFBC}") = "AverageArray", "AverageArray\AverageArray.csproj", "{DD39BD56-A4DD-440C-A083-46DA5C3C6B0A}"
EndProject
Project("{FAE04EC0-301F-11D3-BF4B-00C04F79EFBC}") = "7Kyu.Tests", "7Kyu.Tests\7Kyu.Tests.csproj", "{02D24F9E-635F-48D5-98D5-447BD3B519B1}"
EndProject
Project("{FAE04EC0-301F-11D3-BF4B-00C04F79EFBC}") = "Stray", "Stray\Stray.csproj", "{04A3A7EC-DE48-402D-A0F0-B42406DDE575}"
EndProject
Project("{FAE04EC0-301F-11D3-BF4B-00C04F79EFBC}") = "AlphabetSymmetry", "AlphabetSymmetry\AlphabetSymmetry.csproj", "{D0B07352-466C-428B-9B18-60D2046916D3}"
EndProject
Project("{FAE04EC0-301F-11D3-BF4B-00C04F79EFBC}") = "FindOccurrences", "FindOccurrences\FindOccurrences.csproj", "{91B288DC-D856-42CA-93A5-58A66C8B1FE6}"
EndProject
Global
	GlobalSection(SolutionConfigurationPlatforms) = preSolution
		Debug|Any CPU = Debug|Any CPU
		Release|Any CPU = Release|Any CPU
	EndGlobalSection
	GlobalSection(ProjectConfigurationPlatforms) = postSolution
		{DD39BD56-A4DD-440C-A083-46DA5C3C6B0A}.Debug|Any CPU.ActiveCfg = Debug|Any CPU
		{DD39BD56-A4DD-440C-A083-46DA5C3C6B0A}.Debug|Any CPU.Build.0 = Debug|Any CPU
		{DD39BD56-A4DD-440C-A083-46DA5C3C6B0A}.Release|Any CPU.ActiveCfg = Release|Any CPU
		{DD39BD56-A4DD-440C-A083-46DA5C3C6B0A}.Release|Any CPU.Build.0 = Release|Any CPU
		{02D24F9E-635F-48D5-98D5-447BD3B519B1}.Debug|Any CPU.ActiveCfg = Debug|Any CPU
		{02D24F9E-635F-48D5-98D5-447BD3B519B1}.Debug|Any CPU.Build.0 = Debug|Any CPU
		{02D24F9E-635F-48D5-98D5-447BD3B519B1}.Release|Any CPU.ActiveCfg = Release|Any CPU
		{02D24F9E-635F-48D5-98D5-447BD3B519B1}.Release|Any CPU.Build.0 = Release|Any CPU
		{04A3A7EC-DE48-402D-A0F0-B42406DDE575}.Debug|Any CPU.ActiveCfg = Debug|Any CPU
		{04A3A7EC-DE48-402D-A0F0-B42406DDE575}.Debug|Any CPU.Build.0 = Debug|Any CPU
		{04A3A7EC-DE48-402D-A0F0-B42406DDE575}.Release|Any CPU.ActiveCfg = Release|Any CPU
		{04A3A7EC-DE48-402D-A0F0-B42406DDE575}.Release|Any CPU.Build.0 = Release|Any CPU
		{D0B07352-466C-428B-9B18-60D2046916D3}.Debug|Any CPU.ActiveCfg = Debug|Any CPU
		{D0B07352-466C-428B-9B18-60D2046916D3}.Debug|Any CPU.Build.0 = Debug|Any CPU
		{D0B07352-466C-428B-9B18-60D2046916D3}.Release|Any CPU.ActiveCfg = Release|Any CPU
		{D0B07352-466C-428B-9B18-60D2046916D3}.Release|Any CPU.Build.0 = Release|Any CPU
		{91B288DC-D856-42CA-93A5-58A66C8B1FE6}.Debug|Any CPU.ActiveCfg = Debug|Any CPU
		{91B288DC-D856-42CA-93A5-58A66C8B1FE6}.Debug|Any CPU.Build.0 = Debug|Any CPU
		{91B288DC-D856-42CA-93A5-58A66C8B1FE6}.Release|Any CPU.ActiveCfg = Release|Any CPU
		{91B288DC-D856-42CA-93A5-58A66C8B1FE6}.Release|Any CPU.Build.0 = Release|Any CPU
	EndGlobalSection
	GlobalSection(SolutionProperties) = preSolution
		HideSolutionNode = FALSE
	EndGlobalSection
	GlobalSection(ExtensibilityGlobals) = postSolution
		SolutionGuid = {09E016C6-2EBE-41FB-88A9-60484CB7FDA5}
	EndGlobalSection
EndGlobal
