
Microsoft Visual Studio Solution File, Format Version 12.00
# Visual Studio 15
VisualStudioVersion = 15.0.27703.2018
MinimumVisualStudioVersion = 10.0.40219.1
Project("{FAE04EC0-301F-11D3-BF4B-00C04F79EFBC}") = "7kyu_numbersum", "7kyu_numbersum\7kyu_numbersum.csproj", "{21D0CFFD-3784-441C-AC36-0ED7F712A418}"
EndProject
Global
	GlobalSection(SolutionConfigurationPlatforms) = preSolution
		Debug|Any CPU = Debug|Any CPU
		Release|Any CPU = Release|Any CPU
	EndGlobalSection
	GlobalSection(ProjectConfigurationPlatforms) = postSolution
		{21D0CFFD-3784-441C-AC36-0ED7F712A418}.Debug|Any CPU.ActiveCfg = Debug|Any CPU
		{21D0CFFD-3784-441C-AC36-0ED7F712A418}.Debug|Any CPU.Build.0 = Debug|Any CPU
		{21D0CFFD-3784-441C-AC36-0ED7F712A418}.Release|Any CPU.ActiveCfg = Release|Any CPU
		{21D0CFFD-3784-441C-AC36-0ED7F712A418}.Release|Any CPU.Build.0 = Release|Any CPU
	EndGlobalSection
	GlobalSection(SolutionProperties) = preSolution
		HideSolutionNode = FALSE
	EndGlobalSection
	GlobalSection(ExtensibilityGlobals) = postSolution
		SolutionGuid = {5515BE8E-2C13-4805-9283-04D4B9045B4D}
	EndGlobalSection
EndGlobal
