
Microsoft Visual Studio Solution File, Format Version 12.00
# Visual Studio 15
VisualStudioVersion = 15.0.27703.2018
MinimumVisualStudioVersion = 10.0.40219.1
Project("{FAE04EC0-301F-11D3-BF4B-00C04F79EFBC}") = "8kyu_kata_find_smallest", "8kyu_kata_find_smallest\8kyu_kata_find_smallest.csproj", "{B5AF52A5-7FD4-4F14-A80F-70DC1C5878B1}"
EndProject
Global
	GlobalSection(SolutionConfigurationPlatforms) = preSolution
		Debug|Any CPU = Debug|Any CPU
		Release|Any CPU = Release|Any CPU
	EndGlobalSection
	GlobalSection(ProjectConfigurationPlatforms) = postSolution
		{B5AF52A5-7FD4-4F14-A80F-70DC1C5878B1}.Debug|Any CPU.ActiveCfg = Debug|Any CPU
		{B5AF52A5-7FD4-4F14-A80F-70DC1C5878B1}.Debug|Any CPU.Build.0 = Debug|Any CPU
		{B5AF52A5-7FD4-4F14-A80F-70DC1C5878B1}.Release|Any CPU.ActiveCfg = Release|Any CPU
		{B5AF52A5-7FD4-4F14-A80F-70DC1C5878B1}.Release|Any CPU.Build.0 = Release|Any CPU
	EndGlobalSection
	GlobalSection(SolutionProperties) = preSolution
		HideSolutionNode = FALSE
	EndGlobalSection
	GlobalSection(ExtensibilityGlobals) = postSolution
		SolutionGuid = {57A21703-4FA5-4A43-88C3-305E5CA5849F}
	EndGlobalSection
EndGlobal
