
Microsoft Visual Studio Solution File, Format Version 12.00
# Visual Studio 15
VisualStudioVersion = 15.0.28010.2003
MinimumVisualStudioVersion = 10.0.40219.1
Project("{FAE04EC0-301F-11D3-BF4B-00C04F79EFBC}") = "6kyu_TicketClerk", "6kyu_TicketClerk\6kyu_TicketClerk.csproj", "{7F4336BB-8A07-46DC-AEDA-D6B3D87A073D}"
EndProject
Global
	GlobalSection(SolutionConfigurationPlatforms) = preSolution
		Debug|Any CPU = Debug|Any CPU
		Release|Any CPU = Release|Any CPU
	EndGlobalSection
	GlobalSection(ProjectConfigurationPlatforms) = postSolution
		{7F4336BB-8A07-46DC-AEDA-D6B3D87A073D}.Debug|Any CPU.ActiveCfg = Debug|Any CPU
		{7F4336BB-8A07-46DC-AEDA-D6B3D87A073D}.Debug|Any CPU.Build.0 = Debug|Any CPU
		{7F4336BB-8A07-46DC-AEDA-D6B3D87A073D}.Release|Any CPU.ActiveCfg = Release|Any CPU
		{7F4336BB-8A07-46DC-AEDA-D6B3D87A073D}.Release|Any CPU.Build.0 = Release|Any CPU
	EndGlobalSection
	GlobalSection(SolutionProperties) = preSolution
		HideSolutionNode = FALSE
	EndGlobalSection
	GlobalSection(ExtensibilityGlobals) = postSolution
		SolutionGuid = {77CC1CBA-89C2-493E-8C96-EDE680CAED5C}
	EndGlobalSection
EndGlobal
