
Microsoft Visual Studio Solution File, Format Version 12.00
# Visual Studio Version 16
VisualStudioVersion = 16.0.28922.388
MinimumVisualStudioVersion = 10.0.40219.1
Project("{FAE04EC0-301F-11D3-BF4B-00C04F79EFBC}") = "CountOddNumbersBelowN", "CountOddNumbersBelowN\CountOddNumbersBelowN.csproj", "{10F8962E-BB9F-484D-8166-62AFBFA4A262}"
EndProject
Project("{FAE04EC0-301F-11D3-BF4B-00C04F79EFBC}") = "Tests", "Tests\Tests.csproj", "{914F458F-D07C-41A2-B2B3-26CE80390846}"
EndProject
Project("{FAE04EC0-301F-11D3-BF4B-00C04F79EFBC}") = "StringToNumber", "StringToNumber\StringToNumber.csproj", "{D92CA916-2C0F-4D65-9BAE-009C1A9AC3CD}"
EndProject
Global
	GlobalSection(SolutionConfigurationPlatforms) = preSolution
		Debug|Any CPU = Debug|Any CPU
		Release|Any CPU = Release|Any CPU
	EndGlobalSection
	GlobalSection(ProjectConfigurationPlatforms) = postSolution
		{10F8962E-BB9F-484D-8166-62AFBFA4A262}.Debug|Any CPU.ActiveCfg = Debug|Any CPU
		{10F8962E-BB9F-484D-8166-62AFBFA4A262}.Debug|Any CPU.Build.0 = Debug|Any CPU
		{10F8962E-BB9F-484D-8166-62AFBFA4A262}.Release|Any CPU.ActiveCfg = Release|Any CPU
		{10F8962E-BB9F-484D-8166-62AFBFA4A262}.Release|Any CPU.Build.0 = Release|Any CPU
		{914F458F-D07C-41A2-B2B3-26CE80390846}.Debug|Any CPU.ActiveCfg = Debug|Any CPU
		{914F458F-D07C-41A2-B2B3-26CE80390846}.Debug|Any CPU.Build.0 = Debug|Any CPU
		{914F458F-D07C-41A2-B2B3-26CE80390846}.Release|Any CPU.ActiveCfg = Release|Any CPU
		{914F458F-D07C-41A2-B2B3-26CE80390846}.Release|Any CPU.Build.0 = Release|Any CPU
		{D92CA916-2C0F-4D65-9BAE-009C1A9AC3CD}.Debug|Any CPU.ActiveCfg = Debug|Any CPU
		{D92CA916-2C0F-4D65-9BAE-009C1A9AC3CD}.Debug|Any CPU.Build.0 = Debug|Any CPU
		{D92CA916-2C0F-4D65-9BAE-009C1A9AC3CD}.Release|Any CPU.ActiveCfg = Release|Any CPU
		{D92CA916-2C0F-4D65-9BAE-009C1A9AC3CD}.Release|Any CPU.Build.0 = Release|Any CPU
	EndGlobalSection
	GlobalSection(SolutionProperties) = preSolution
		HideSolutionNode = FALSE
	EndGlobalSection
	GlobalSection(ExtensibilityGlobals) = postSolution
		SolutionGuid = {BD9A5919-34EC-4639-B330-6BF0CFE3FCA4}
	EndGlobalSection
EndGlobal
