
Microsoft Visual Studio Solution File, Format Version 12.00
# Visual Studio 15
VisualStudioVersion = 15.0.27703.2018
MinimumVisualStudioVersion = 10.0.40219.1
Project("{FAE04EC0-301F-11D3-BF4B-00C04F79EFBC}") = "8kyu_char_recog", "8kyu_char_recog\8kyu_char_recog.csproj", "{188CC020-209C-494B-A87F-964A8A8B1EB4}"
EndProject
Global
	GlobalSection(SolutionConfigurationPlatforms) = preSolution
		Debug|Any CPU = Debug|Any CPU
		Release|Any CPU = Release|Any CPU
	EndGlobalSection
	GlobalSection(ProjectConfigurationPlatforms) = postSolution
		{188CC020-209C-494B-A87F-964A8A8B1EB4}.Debug|Any CPU.ActiveCfg = Debug|Any CPU
		{188CC020-209C-494B-A87F-964A8A8B1EB4}.Debug|Any CPU.Build.0 = Debug|Any CPU
		{188CC020-209C-494B-A87F-964A8A8B1EB4}.Release|Any CPU.ActiveCfg = Release|Any CPU
		{188CC020-209C-494B-A87F-964A8A8B1EB4}.Release|Any CPU.Build.0 = Release|Any CPU
	EndGlobalSection
	GlobalSection(SolutionProperties) = preSolution
		HideSolutionNode = FALSE
	EndGlobalSection
	GlobalSection(ExtensibilityGlobals) = postSolution
		SolutionGuid = {AC5749F2-1AE0-4863-9868-3F48300237BA}
	EndGlobalSection
EndGlobal
