
Microsoft Visual Studio Solution File, Format Version 12.00
# Visual Studio 15
VisualStudioVersion = 15.0.27703.2018
MinimumVisualStudioVersion = 10.0.40219.1
Project("{FAE04EC0-301F-11D3-BF4B-00C04F79EFBC}") = "7kyu_digitalCypher", "7kyu_digitalCypher\7kyu_digitalCypher.csproj", "{81A52485-0182-4D22-A256-290917A1430D}"
EndProject
Global
	GlobalSection(SolutionConfigurationPlatforms) = preSolution
		Debug|Any CPU = Debug|Any CPU
		Release|Any CPU = Release|Any CPU
	EndGlobalSection
	GlobalSection(ProjectConfigurationPlatforms) = postSolution
		{81A52485-0182-4D22-A256-290917A1430D}.Debug|Any CPU.ActiveCfg = Debug|Any CPU
		{81A52485-0182-4D22-A256-290917A1430D}.Debug|Any CPU.Build.0 = Debug|Any CPU
		{81A52485-0182-4D22-A256-290917A1430D}.Release|Any CPU.ActiveCfg = Release|Any CPU
		{81A52485-0182-4D22-A256-290917A1430D}.Release|Any CPU.Build.0 = Release|Any CPU
	EndGlobalSection
	GlobalSection(SolutionProperties) = preSolution
		HideSolutionNode = FALSE
	EndGlobalSection
	GlobalSection(ExtensibilityGlobals) = postSolution
		SolutionGuid = {5DE8BCF3-DA8D-4881-BE4F-A77F0F3B3B66}
	EndGlobalSection
EndGlobal
