
Microsoft Visual Studio Solution File, Format Version 12.00
# Visual Studio Version 16
VisualStudioVersion = 16.0.28922.388
MinimumVisualStudioVersion = 10.0.40219.1
Project("{FAE04EC0-301F-11D3-BF4B-00C04F79EFBC}") = "Meeting", "Meeting\Meeting.csproj", "{C8D9D031-7E08-43E9-B1E5-ED3673EA37BE}"
EndProject
Project("{FAE04EC0-301F-11D3-BF4B-00C04F79EFBC}") = "6kyuTests", "6kyuTests\6kyuTests.csproj", "{C1F983BC-B026-421F-B833-6461966B8328}"
EndProject
Project("{FAE04EC0-301F-11D3-BF4B-00C04F79EFBC}") = "RoundByHalf", "RoundByHalf\RoundByHalf.csproj", "{820A6759-6C32-4370-9FED-E142285452DB}"
EndProject
Project("{FAE04EC0-301F-11D3-BF4B-00C04F79EFBC}") = "Smile67Kata", "Smile67Kata\Smile67Kata.csproj", "{D6449343-EC0D-4058-8DA2-A4D0C769FF55}"
EndProject
Global
	GlobalSection(SolutionConfigurationPlatforms) = preSolution
		Debug|Any CPU = Debug|Any CPU
		Release|Any CPU = Release|Any CPU
	EndGlobalSection
	GlobalSection(ProjectConfigurationPlatforms) = postSolution
		{C8D9D031-7E08-43E9-B1E5-ED3673EA37BE}.Debug|Any CPU.ActiveCfg = Debug|Any CPU
		{C8D9D031-7E08-43E9-B1E5-ED3673EA37BE}.Debug|Any CPU.Build.0 = Debug|Any CPU
		{C8D9D031-7E08-43E9-B1E5-ED3673EA37BE}.Release|Any CPU.ActiveCfg = Release|Any CPU
		{C8D9D031-7E08-43E9-B1E5-ED3673EA37BE}.Release|Any CPU.Build.0 = Release|Any CPU
		{C1F983BC-B026-421F-B833-6461966B8328}.Debug|Any CPU.ActiveCfg = Debug|Any CPU
		{C1F983BC-B026-421F-B833-6461966B8328}.Debug|Any CPU.Build.0 = Debug|Any CPU
		{C1F983BC-B026-421F-B833-6461966B8328}.Release|Any CPU.ActiveCfg = Release|Any CPU
		{C1F983BC-B026-421F-B833-6461966B8328}.Release|Any CPU.Build.0 = Release|Any CPU
		{820A6759-6C32-4370-9FED-E142285452DB}.Debug|Any CPU.ActiveCfg = Debug|Any CPU
		{820A6759-6C32-4370-9FED-E142285452DB}.Debug|Any CPU.Build.0 = Debug|Any CPU
		{820A6759-6C32-4370-9FED-E142285452DB}.Release|Any CPU.ActiveCfg = Release|Any CPU
		{820A6759-6C32-4370-9FED-E142285452DB}.Release|Any CPU.Build.0 = Release|Any CPU
		{D6449343-EC0D-4058-8DA2-A4D0C769FF55}.Debug|Any CPU.ActiveCfg = Debug|Any CPU
		{D6449343-EC0D-4058-8DA2-A4D0C769FF55}.Debug|Any CPU.Build.0 = Debug|Any CPU
		{D6449343-EC0D-4058-8DA2-A4D0C769FF55}.Release|Any CPU.ActiveCfg = Release|Any CPU
		{D6449343-EC0D-4058-8DA2-A4D0C769FF55}.Release|Any CPU.Build.0 = Release|Any CPU
	EndGlobalSection
	GlobalSection(SolutionProperties) = preSolution
		HideSolutionNode = FALSE
	EndGlobalSection
	GlobalSection(ExtensibilityGlobals) = postSolution
		SolutionGuid = {B67ACEAA-1F83-4E56-B240-4F69B8B8DF88}
	EndGlobalSection
EndGlobal
